
Microsoft Visual Studio Solution File, Format Version 12.00
# Visual Studio Version 17
VisualStudioVersion = 17.4.33213.308
MinimumVisualStudioVersion = 10.0.40219.1
Project("{FAE04EC0-301F-11D3-BF4B-00C04F79EFBC}") = "Pospa_pojistovna_zv", "Pospa_pojistovna_zv\Pospa_pojistovna_zv.csproj", "{4075858A-99BB-4626-9BAF-9CE26366BBB5}"
EndProject
Global
	GlobalSection(SolutionConfigurationPlatforms) = preSolution
		Debug|Any CPU = Debug|Any CPU
		Release|Any CPU = Release|Any CPU
	EndGlobalSection
	GlobalSection(ProjectConfigurationPlatforms) = postSolution
		{4075858A-99BB-4626-9BAF-9CE26366BBB5}.Debug|Any CPU.ActiveCfg = Debug|Any CPU
		{4075858A-99BB-4626-9BAF-9CE26366BBB5}.Debug|Any CPU.Build.0 = Debug|Any CPU
		{4075858A-99BB-4626-9BAF-9CE26366BBB5}.Release|Any CPU.ActiveCfg = Release|Any CPU
		{4075858A-99BB-4626-9BAF-9CE26366BBB5}.Release|Any CPU.Build.0 = Release|Any CPU
	EndGlobalSection
	GlobalSection(SolutionProperties) = preSolution
		HideSolutionNode = FALSE
	EndGlobalSection
	GlobalSection(ExtensibilityGlobals) = postSolution
		SolutionGuid = {E92B3502-7F2A-4B3F-A726-A6E0615E8459}
	EndGlobalSection
EndGlobal
